<?xml version="1.0" encoding="utf-8"?>
<Project ToolsVersion="4.0" xmlns="http://schemas.microsoft.com/developer/msbuild/2003">
  <ItemGroup>
    <ClCompile Include="Source\Behaviour\Behaviour.cpp">
      <Filter>Game Engine\Behaviours\Base</Filter>
    </ClCompile>
    <ClCompile Include="Source\Component\Component.cpp">
      <Filter>Game Engine\Components\Base</Filter>
    </ClCompile>
    <ClCompile Include="Source\Object\GameObject.cpp">
      <Filter>Game Engine\Objects\GameObject</Filter>
    </ClCompile>
    <ClCompile Include="Source\System\Input\InputSystem.cpp">
      <Filter>Game Engine\Systems\Input</Filter>
    </ClCompile>
    <ClCompile Include="Source\System\Time\Timer.cpp">
      <Filter>Game Engine\Systems\Time\Timer</Filter>
    </ClCompile>
    <ClCompile Include="Source\System\Time\TimeSystem.cpp">
      <Filter>Game Engine\Systems\Time\TimeSystem</Filter>
    </ClCompile>
    <ClCompile Include="Source\System\Window\WindowManager.cpp">
      <Filter>Game Engine\Systems\Window\WindowMgr</Filter>
    </ClCompile>
    <ClCompile Include="Source\System\Graphics\GraphicsSystem.cpp">
      <Filter>Game Engine\Systems\Graphic</Filter>
    </ClCompile>
    <ClCompile Include="Source\Editor\Editor.cpp">
      <Filter>Editor\Editor</Filter>
    </ClCompile>
    <ClCompile Include="Source\IO\ImageParser.cpp">
      <Filter>IO\ImageParser</Filter>
    </ClCompile>
    <ClCompile Include="Source\System\Graphics\Texture2D.cpp">
      <Filter>Game Engine\SubSystems\Texture\Texture\Texture2D</Filter>
    </ClCompile>
    <ClCompile Include="Source\System\Graphics\Texture.cpp">
      <Filter>Game Engine\SubSystems\Texture\Texture\Base</Filter>
    </ClCompile>
    <ClCompile Include="Source\Component\Camera.cpp">
      <Filter>Game Engine\Components\Camera</Filter>
    </ClCompile>
    <ClCompile Include="Source\Component\Transform.cpp">
      <Filter>Game Engine\Components\Transform</Filter>
    </ClCompile>
    <ClCompile Include="..\Dependancies\ImGui\imgui.cpp">
      <Filter>Editor\UI\IMGUI</Filter>
    </ClCompile>
    <ClCompile Include="..\Dependancies\ImGui\imgui_demo.cpp">
      <Filter>Editor\UI\IMGUI</Filter>
    </ClCompile>
    <ClCompile Include="..\Dependancies\ImGui\imgui_draw.cpp">
      <Filter>Editor\UI\IMGUI</Filter>
    </ClCompile>
    <ClCompile Include="Source\System\Window\Window.cpp">
      <Filter>Game Engine\Systems\Window\Window</Filter>
    </ClCompile>
    <ClCompile Include="Source\IO\TextSerialiser.cpp">
      <Filter>IO\TextSerialiser</Filter>
    </ClCompile>
    <ClCompile Include="Source\Math\Matrix4.cpp">
      <Filter>Math\Matrix\Matrix4</Filter>
    </ClCompile>
    <ClCompile Include="Source\System\Graphics\RawMesh.cpp">
      <Filter>Game Engine\SubSystems\Mesh\Raw</Filter>
    </ClCompile>
    <ClCompile Include="Source\System\Graphics\Mesh.cpp">
      <Filter>Game Engine\SubSystems\Mesh\Mesh</Filter>
    </ClCompile>
    <ClCompile Include="Source\System\Driver\Driver.cpp">
      <Filter>Game Engine\Systems\Driver</Filter>
    </ClCompile>
    <ClCompile Include="Source\System\Scene\SceneSystem.cpp">
      <Filter>Game Engine\Systems\Scene\SceneSystem</Filter>
    </ClCompile>
    <ClCompile Include="Source\System\Scene\Scene.cpp">
      <Filter>Game Engine\Systems\Scene\Scene</Filter>
    </ClCompile>
    <ClCompile Include="Source\System\Graphics\MeshSystem.cpp">
      <Filter>Game Engine\SubSystems\Mesh</Filter>
    </ClCompile>
    <ClCompile Include="Source\System\Camera\CameraSystem.cpp">
      <Filter>Game Engine\Systems\Camera</Filter>
    </ClCompile>
    <ClCompile Include="Source\Editor\Commands.cpp">
      <Filter>Editor\Commands</Filter>
    </ClCompile>
    <ClCompile Include="Source\Editor\ConsoleLog.cpp">
      <Filter>Editor\Editor Tabs\Console</Filter>
    </ClCompile>
    <ClCompile Include="Source\Editor\Dock.cpp">
      <Filter>Editor\Docking</Filter>
    </ClCompile>
    <ClCompile Include="Source\Editor\EGUI.cpp">
      <Filter>Editor\UI</Filter>
    </ClCompile>
    <ClCompile Include="Source\Editor\EGuiDisplay.cpp">
      <Filter>Editor\UI</Filter>
    </ClCompile>
    <ClCompile Include="Source\Editor\HierarchyView.cpp">
      <Filter>Editor\Editor Tabs\Hierarchy View</Filter>
    </ClCompile>
    <ClCompile Include="Source\Editor\Inspector.cpp">
      <Filter>Editor\Editor Tabs\Inspector</Filter>
    </ClCompile>
    <ClCompile Include="Source\Editor\ProjectResource.cpp">
      <Filter>Editor\Editor Tabs\Project Resource</Filter>
    </ClCompile>
    <ClCompile Include="Source\Editor\SceneView.cpp">
      <Filter>Editor\Editor Tabs\Scene View</Filter>
    </ClCompile>
    <ClCompile Include="Source\Editor\ScriptFormatter.cpp">
      <Filter>Editor\Script Formatter</Filter>
    </ClCompile>
    <ClCompile Include="Source\System\Events\EventSystem.cpp">
      <Filter>Game Engine\Systems\Event</Filter>
    </ClCompile>
    <ClCompile Include="Source\IO\BinarySerializer.cpp">
      <Filter>IO\BinarySerialiser</Filter>
    </ClCompile>
    <ClCompile Include="Source\Component\RigidBody.cpp">
      <Filter>Game Engine\Components\Physics</Filter>
    </ClCompile>
    <ClCompile Include="Source\System\Collision\CollisionSystem.cpp">
      <Filter>Game Engine\Systems\Collision</Filter>
    </ClCompile>
    <ClCompile Include="Source\System\Physics\PhysicsSystem.cpp">
      <Filter>Game Engine\Systems\Physics</Filter>
    </ClCompile>
    <ClCompile Include="Source\Component\Colliders\AABB.cpp">
      <Filter>Game Engine\Components\Colliders</Filter>
    </ClCompile>
    <ClCompile Include="Source\Component\Colliders\Collider.cpp">
      <Filter>Game Engine\Components\Colliders</Filter>
    </ClCompile>
    <ClCompile Include="Source\Component\Colliders\Convex.cpp">
      <Filter>Game Engine\Components\Colliders</Filter>
    </ClCompile>
    <ClCompile Include="Source\Editor\EditorEvents.cpp">
      <Filter>Editor\Editor</Filter>
    </ClCompile>
    <ClCompile Include="Source\Editor\EditorInputs.cpp">
      <Filter>Editor\Editor</Filter>
    </ClCompile>
    <ClCompile Include="Source\Component\Renderer.cpp">
      <Filter>Game Engine\Components\Renderer</Filter>
    </ClCompile>
    <ClCompile Include="Source\Math\Quaternion.cpp">
      <Filter>Math\Quaternion</Filter>
    </ClCompile>
    <ClCompile Include="Source\System\Time\ScopedTimer.cpp">
      <Filter>Game Engine\Systems\Time\ScopedTimer</Filter>
    </ClCompile>
    <ClCompile Include="Source\Utility\GUID.cpp">
      <Filter>Utility\GUID</Filter>
    </ClCompile>
    <ClCompile Include="Source\Editor\PerformanceLog.cpp">
      <Filter>Editor\Editor Tabs\Performance</Filter>
    </ClCompile>
    <ClCompile Include="Source\Editor\EditorTab.cpp">
      <Filter>Editor\Editor Tabs</Filter>
    </ClCompile>
    <ClCompile Include="Source\System\Profiler\ProfilerAction.cpp">
      <Filter>Game Engine\Systems\Profiler\ProfilerAction</Filter>
    </ClCompile>
    <ClCompile Include="Source\System\Profiler\ProfileInfo.cpp">
      <Filter>Game Engine\Systems\Profiler\ProfileInfo</Filter>
    </ClCompile>
    <ClCompile Include="..\Dependancies\lodepng\lodepng.cpp">
      <Filter>IO\TextSerialiser\lodepng</Filter>
    </ClCompile>
    <ClCompile Include="Source\Editor\PLogInfo.cpp">
      <Filter>Editor\Editor Tabs\Performance</Filter>
    </ClCompile>
    <ClCompile Include="Source\System\Profiler\Profiler.cpp">
      <Filter>Game Engine\Systems\Profiler\ProfilerSystem</Filter>
    </ClCompile>
    <ClCompile Include="Source\Editor\DefaultFactory.cpp">
      <Filter>Editor\Factory</Filter>
    </ClCompile>
    <ClCompile Include="Source\Editor\CommandList.cpp">
      <Filter>Editor\Commands</Filter>
    </ClCompile>
    <ClCompile Include="Source\System\Graphics\Framebuffer.cpp">
      <Filter>Game Engine\Systems\Graphic\Framebuffer</Filter>
    </ClCompile>
    <ClCompile Include="Source\Editor\Clipboard.cpp">
      <Filter>Editor\Clipboard</Filter>
    </ClCompile>
    <ClCompile Include="Source\Component\Particle.cpp">
      <Filter>Game Engine\Components\Physics</Filter>
    </ClCompile>
    <ClCompile Include="Source\Component\Primitive.cpp">
      <Filter>Game Engine\Components\Physics</Filter>
    </ClCompile>
    <ClCompile Include="Source\System\Physics\CollisionResolution.cpp">
      <Filter>Game Engine\Systems\Physics</Filter>
    </ClCompile>
    <ClCompile Include="Source\Component\Colliders\Circle.cpp">
      <Filter>Game Engine\Components\Colliders</Filter>
    </ClCompile>
    <ClCompile Include="Source\System\Behaviour\BehaviourSystem.cpp">
      <Filter>Game Engine\Systems\Behaviour</Filter>
    </ClCompile>
    <ClCompile Include="Source\System\File\FileSystem.cpp">
      <Filter>Game Engine\SubSystems\File</Filter>
    </ClCompile>
    <ClCompile Include="Source\System\Behaviour\BehaviourSystem.cpp">
      <Filter>Game Engine\Systems\Behaviour</Filter>
    </ClCompile>
    <ClCompile Include="Source\System\Graphics\Shader.cpp">
      <Filter>Game Engine\SubSystems\Shader\Shader</Filter>
    </ClCompile>
    <ClCompile Include="Source\System\Graphics\ShaderSystem.cpp">
      <Filter>Game Engine\SubSystems\Shader</Filter>
    </ClCompile>
    <ClCompile Include="Source\System\Graphics\TextureSystem.cpp">
      <Filter>Game Engine\SubSystems\Texture</Filter>
    </ClCompile>
    <ClCompile Include="Source\Editor\Gizmo.cpp">
      <Filter>Editor\Gizmo</Filter>
    </ClCompile>
    <ClCompile Include="Source\Editor\ColorScheme.cpp">
      <Filter>Editor\Editor Tabs\SchemeColor</Filter>
    </ClCompile>
    <ClCompile Include="Source\Editor\StyleScheme.cpp">
      <Filter>Editor\Editor Tabs\SchemeStyle</Filter>
    </ClCompile>
    <ClCompile Include="Source\Component\CollisionEvent.cpp">
      <Filter>Game Engine\Systems\Collision</Filter>
    </ClCompile>
    <ClCompile Include="Source\Component\CharacterController.cpp">
      <Filter>Game Engine\Components\Physics\Character Controller</Filter>
    </ClCompile>
    <ClCompile Include="Source\Math\Vector4.cpp">
      <Filter>Math\Vector</Filter>
    </ClCompile>
    <ClCompile Include="Source\System\Profiler\Profiler.cpp">
      <Filter>Game Engine\Systems\Profiler\ProfilerSystem</Filter>
    </ClCompile>
    <ClCompile Include="Source\Editor\Payload.cpp">
      <Filter>Editor\Payload</Filter>
    </ClCompile>
    <ClCompile Include="Source\Editor\AdminCalls.cpp">
      <Filter>Editor\Admin</Filter>
    </ClCompile>
    <ClCompile Include="Source\Editor\ProjectSettings.cpp">
      <Filter>Editor\Editor Tabs\Project Settings</Filter>
    </ClCompile>
    <ClCompile Include="Source\Editor\SpritePreviewer.cpp">
      <Filter>Editor\Editor Tabs\Sprite Previewer</Filter>
    </ClCompile>
    <ClCompile Include="Source\System\Input\XGamePad.cpp">
      <Filter>Game Engine\Systems\Input</Filter>
    </ClCompile>
    <ClCompile Include="Source\System\Collision\BroadPhaseCircle.cpp">
      <Filter>Game Engine\Systems\Collision</Filter>
    </ClCompile>
    <ClCompile Include="Source\System\Collision\BoundingColliderNode.cpp">
      <Filter>Game Engine\Systems\Collision</Filter>
    </ClCompile>
    <ClCompile Include="Source\System\Events\Events.cpp">
      <Filter>Game Engine\Systems\Event</Filter>
    </ClCompile>
    <ClCompile Include="Source\Allocator\DefaultAlloc.cpp">
      <Filter>Allocator\DefaultAllocator</Filter>
    </ClCompile>
    <ClCompile Include="Source\Allocator\Allocator.cpp">
      <Filter>Allocator\Allocator</Filter>
    </ClCompile>
    <ClCompile Include="Source\System\Logger\LoggerSystem.cpp">
      <Filter>Game Engine\SubSystems\Logger\LoggerSystem</Filter>
    </ClCompile>
    <ClCompile Include="Source\System\Logger\FileLogger.cpp">
      <Filter>Game Engine\SubSystems\Logger\FileLogger</Filter>
    </ClCompile>
    <ClCompile Include="Source\Component\AudioSource.cpp">
      <Filter>Game Engine\Components\Audio</Filter>
    </ClCompile>
    <ClCompile Include="Source\System\Sound\Audio.cpp">
      <Filter>Game Engine\SubSystems\Audio</Filter>
    </ClCompile>
    <ClCompile Include="Source\System\Sound\SoundSystem.cpp">
      <Filter>Game Engine\Systems\Sound</Filter>
    </ClCompile>
    <ClCompile Include="Source\HashString.cpp" />
  </ItemGroup>
  <ItemGroup>
    <ClInclude Include="Include\Behaviour\Behaviour.h">
      <Filter>Game Engine\Behaviours\Base</Filter>
    </ClInclude>
    <ClInclude Include="Include\Component\Component.h">
      <Filter>Game Engine\Components\Base</Filter>
    </ClInclude>
    <ClInclude Include="Include\Component\ComponentList.h">
      <Filter>Game Engine\Components</Filter>
    </ClInclude>
    <ClInclude Include="Include\Utility\DebugAssert.h">
      <Filter>Utility</Filter>
    </ClInclude>
    <ClInclude Include="Include\Object\GameObject.h">
      <Filter>Game Engine\Objects\GameObject</Filter>
    </ClInclude>
    <ClInclude Include="Include\Globals.h">
      <Filter>Utility</Filter>
    </ClInclude>
    <ClInclude Include="Include\System\Input\InputMap.h">
      <Filter>Game Engine\Systems\Input</Filter>
    </ClInclude>
    <ClInclude Include="Include\System\Input\InputSystem.h">
      <Filter>Game Engine\Systems\Input</Filter>
    </ClInclude>
    <ClInclude Include="Include\Math\MathInternal.h">
      <Filter>Math\Internals</Filter>
    </ClInclude>
    <ClInclude Include="Include\Utility\MetaHelper.h">
      <Filter>Utility\Internals</Filter>
    </ClInclude>
    <ClInclude Include="Include\System\Sound\SoundTypes.h">
      <Filter>Game Engine\Systems\Sound</Filter>
    </ClInclude>
    <ClInclude Include="Include\System\Sound\SoundSystem.h">
      <Filter>Game Engine\Systems\Sound</Filter>
    </ClInclude>
    <ClInclude Include="Include\System\Base\Systems.h">
      <Filter>Game Engine\Systems\Base</Filter>
    </ClInclude>
    <ClInclude Include="Include\System\SystemTypes.h">
      <Filter>Game Engine\Systems</Filter>
    </ClInclude>
    <ClInclude Include="Include\System\Time\Timer.h">
      <Filter>Game Engine\Systems\Time\Timer</Filter>
    </ClInclude>
    <ClInclude Include="Include\System\Time\TimeSystem.h">
      <Filter>Game Engine\Systems\Time\TimeSystem</Filter>
    </ClInclude>
    <ClInclude Include="Include\Utility\Utility.h">
      <Filter>Utility</Filter>
    </ClInclude>
    <ClInclude Include="Include\Component\Transform.h">
      <Filter>Game Engine\Components\Transform</Filter>
    </ClInclude>
    <ClInclude Include="Include\Math\Vector4.h">
      <Filter>Math\Vector</Filter>
    </ClInclude>
    <ClInclude Include="Include\System\Window\Window.h">
      <Filter>Game Engine\Systems\Window\Window</Filter>
    </ClInclude>
    <ClInclude Include="Include\System\Window\WindowManager.h">
      <Filter>Game Engine\Systems\Window\WindowMgr</Filter>
    </ClInclude>
    <ClInclude Include="Include\System\Graphics\GraphicsSystem.h">
      <Filter>Game Engine\Systems\Graphic</Filter>
    </ClInclude>
    <ClInclude Include="Include\DataStructure\Queue.h">
      <Filter>DataStructures</Filter>
    </ClInclude>
    <ClInclude Include="Include\DataStructure\Stack.h">
      <Filter>DataStructures</Filter>
    </ClInclude>
    <ClInclude Include="Include\DataStructure\Heap.h">
      <Filter>DataStructures</Filter>
    </ClInclude>
    <ClInclude Include="Include\Math\Quaternion.h">
      <Filter>Math\Quaternion</Filter>
    </ClInclude>
    <ClInclude Include="Include\System\Graphics\Image.h">
      <Filter>Game Engine\SubSystems\Texture\Texture</Filter>
    </ClInclude>
    <ClInclude Include="Include\IO\ImageParser.h">
      <Filter>IO\ImageParser</Filter>
    </ClInclude>
    <ClInclude Include="Include\System\Graphics\Texture2D.h">
      <Filter>Game Engine\SubSystems\Texture\Texture\Texture2D</Filter>
    </ClInclude>
    <ClInclude Include="Include\System\Graphics\Texture.h">
      <Filter>Game Engine\SubSystems\Texture\Texture\Base</Filter>
    </ClInclude>
    <ClInclude Include="Include\Component\Camera.h">
      <Filter>Game Engine\Components\Camera</Filter>
    </ClInclude>
    <ClInclude Include="..\Dependancies\ImGui\imconfig.h">
      <Filter>Editor\UI\IMGUI</Filter>
    </ClInclude>
    <ClInclude Include="..\Dependancies\ImGui\imgui.h">
      <Filter>Editor\UI\IMGUI</Filter>
    </ClInclude>
    <ClInclude Include="..\Dependancies\ImGui\imgui_internal.h">
      <Filter>Editor\UI\IMGUI</Filter>
    </ClInclude>
    <ClInclude Include="Include\Object\ObjectFlags.h">
      <Filter>Game Engine\Objects</Filter>
    </ClInclude>
    <ClInclude Include="Include\IO\TextSerialiser.h">
      <Filter>IO\TextSerialiser</Filter>
    </ClInclude>
    <ClInclude Include="Include\Math\Matrix4.h">
      <Filter>Math\Matrix\Matrix4</Filter>
    </ClInclude>
    <ClInclude Include="Include\Math\Matrix2.h">
      <Filter>Math\Matrix\Matrix2</Filter>
    </ClInclude>
    <ClInclude Include="Include\System\Graphics\RawMesh.h">
      <Filter>Game Engine\SubSystems\Mesh\Raw</Filter>
    </ClInclude>
    <ClInclude Include="Include\IO\Serialiser.h">
      <Filter>IO</Filter>
    </ClInclude>
    <ClInclude Include="Include\System\Graphics\Mesh.h">
      <Filter>Game Engine\SubSystems\Mesh\Mesh</Filter>
    </ClInclude>
    <ClInclude Include="Include\Math\Vector2.h">
      <Filter>Math\Vector</Filter>
    </ClInclude>
    <ClInclude Include="Include\System\Driver\Driver.h">
      <Filter>Game Engine\Systems\Driver</Filter>
    </ClInclude>
    <ClInclude Include="Include\Utility\MetaAlgorithms.h">
      <Filter>Utility\Meta</Filter>
    </ClInclude>
    <ClInclude Include="Include\Utility\Meta.h">
      <Filter>Utility\Meta</Filter>
    </ClInclude>
    <ClInclude Include="Include\Utility\MetaDataStructures.h">
      <Filter>Utility\Meta</Filter>
    </ClInclude>
    <ClInclude Include="Include\System\Scene\SceneSystem.h">
      <Filter>Game Engine\Systems\Scene\SceneSystem</Filter>
    </ClInclude>
    <ClInclude Include="Include\System\Scene\Scene.h">
      <Filter>Game Engine\Systems\Scene\Scene</Filter>
    </ClInclude>
    <ClInclude Include="Include\Utility\UtilityInternals.h">
      <Filter>Utility\Internals</Filter>
    </ClInclude>
    <ClInclude Include="Include\DataStructure\AutoArray.h">
      <Filter>DataStructures\Arrays</Filter>
    </ClInclude>
    <ClInclude Include="Include\DataStructure\Array.h">
      <Filter>DataStructures\Arrays</Filter>
    </ClInclude>
    <ClInclude Include="Include\DataStructure\MagicArray.h">
      <Filter>DataStructures\Arrays</Filter>
    </ClInclude>
    <ClInclude Include="Include\DataStructure\Pointer.h">
      <Filter>DataStructures\Pointers</Filter>
    </ClInclude>
    <ClInclude Include="Include\DataStructure\SharedPtr.h">
      <Filter>DataStructures\Pointers</Filter>
    </ClInclude>
    <ClInclude Include="Include\System\Graphics\MeshSystem.h">
      <Filter>Game Engine\SubSystems\Mesh</Filter>
    </ClInclude>
    <ClInclude Include="Include\System\Graphics\VertexDefs.h">
      <Filter>Game Engine\SubSystems\Mesh</Filter>
    </ClInclude>
    <ClInclude Include="Include\System\Camera\CameraSystem.h">
      <Filter>Game Engine\Systems\Camera</Filter>
    </ClInclude>
    <ClInclude Include="Include\Editor\CommandList.h">
      <Filter>Editor\Commands</Filter>
    </ClInclude>
    <ClInclude Include="Include\Editor\Commands.h">
      <Filter>Editor\Commands</Filter>
    </ClInclude>
    <ClInclude Include="Include\Editor\ConsoleLog.h">
      <Filter>Editor\Editor Tabs\Console</Filter>
    </ClInclude>
    <ClInclude Include="Include\Editor\Dock.h">
      <Filter>Editor\Docking</Filter>
    </ClInclude>
    <ClInclude Include="Include\Editor\EGUI.h">
      <Filter>Editor\UI</Filter>
    </ClInclude>
    <ClInclude Include="Include\Editor\HierarchyView.h">
      <Filter>Editor\Editor Tabs\Hierarchy View</Filter>
    </ClInclude>
    <ClInclude Include="Include\Editor\Inspector.h">
      <Filter>Editor\Editor Tabs\Inspector</Filter>
    </ClInclude>
    <ClInclude Include="Include\Editor\ProjectResource.h">
      <Filter>Editor\Editor Tabs\Project Resource</Filter>
    </ClInclude>
    <ClInclude Include="Include\Editor\SceneView.h">
      <Filter>Editor\Editor Tabs\Scene View</Filter>
    </ClInclude>
    <ClInclude Include="Include\Editor\Payloads.h">
      <Filter>Editor\Payload</Filter>
    </ClInclude>
    <ClInclude Include="Include\Editor\ScriptFormatter.h">
      <Filter>Editor\Script Formatter</Filter>
    </ClInclude>
    <ClInclude Include="Include\System\Events\EventSystem.h">
      <Filter>Game Engine\Systems\Event</Filter>
    </ClInclude>
    <ClInclude Include="Include\IO\BinarySerializer.h">
      <Filter>IO\BinarySerialiser</Filter>
    </ClInclude>
    <ClInclude Include="Include\Component\Collider.h">
      <Filter>Game Engine\Components\Colliders</Filter>
    </ClInclude>
    <ClInclude Include="Include\Component\RigidBody.h">
      <Filter>Game Engine\Components\Physics</Filter>
    </ClInclude>
    <ClInclude Include="Include\System\Collision\CollisionSystem.h">
      <Filter>Game Engine\Systems\Collision</Filter>
    </ClInclude>
    <ClInclude Include="Include\System\Physics\PhysicsSystem.h">
      <Filter>Game Engine\Systems\Physics</Filter>
    </ClInclude>
    <ClInclude Include="Include\Editor\EditorInputs.h">
      <Filter>Editor\Editor</Filter>
    </ClInclude>
    <ClInclude Include="Include\Editor\EditorEvents.h">
      <Filter>Editor\Editor</Filter>
    </ClInclude>
    <ClInclude Include="Include\Component\Renderer.h">
      <Filter>Game Engine\Components\Renderer</Filter>
    </ClInclude>
    <ClInclude Include="Include\System\Time\ScopedTimer.h">
      <Filter>Game Engine\Systems\Time\ScopedTimer</Filter>
    </ClInclude>
    <ClInclude Include="Include\System\Time\TimeDefs.h">
      <Filter>Game Engine\Systems\Time</Filter>
    </ClInclude>
    <ClInclude Include="Include\Editor\PerformanceLog.h">
      <Filter>Editor\Editor Tabs\Performance</Filter>
    </ClInclude>
    <ClInclude Include="Include\Editor\Editor.h">
      <Filter>Editor\Editor</Filter>
    </ClInclude>
    <ClInclude Include="Include\Editor\EditorTab.h">
      <Filter>Editor\Editor Tabs</Filter>
    </ClInclude>
    <ClInclude Include="Include\DataStructure\Variant.h">
      <Filter>DataStructures</Filter>
    </ClInclude>
    <ClInclude Include="Include\DataStructure\Tuple.h">
      <Filter>DataStructures</Filter>
    </ClInclude>
    <ClInclude Include="Include\System\Profiler\ProfilerAction.h">
      <Filter>Game Engine\Systems\Profiler\ProfilerAction</Filter>
    </ClInclude>
    <ClInclude Include="Include\Math\MathLib.h">
      <Filter>Math</Filter>
    </ClInclude>
    <ClInclude Include="Include\Math\MathUtility.h">
      <Filter>Math\Utility</Filter>
    </ClInclude>
    <ClInclude Include="Include\Math\Angles.h">
      <Filter>Math\Utility</Filter>
    </ClInclude>
    <ClInclude Include="Include\System\Profiler\ProfileInfo.h">
      <Filter>Game Engine\Systems\Profiler\ProfileInfo</Filter>
    </ClInclude>
    <ClInclude Include="..\Dependancies\lodepng\lodepng.h">
      <Filter>IO\TextSerialiser\lodepng</Filter>
    </ClInclude>
    <ClInclude Include="Include\Editor\PLogInfo.h">
      <Filter>Editor\Editor Tabs\Performance</Filter>
    </ClInclude>
    <ClInclude Include="Include\Editor\PLogger.h">
      <Filter>Editor\Editor Tabs\Performance</Filter>
    </ClInclude>
    <ClInclude Include="Include\System\Base\ComponentDonor.h">
      <Filter>Game Engine\Systems\Base</Filter>
    </ClInclude>
    <ClInclude Include="Include\System\File\FileSystem.h">
      <Filter>Game Engine\SubSystems\File</Filter>
    </ClInclude>
    <ClInclude Include="Include\System\Profiler\Profiler.h">
      <Filter>Game Engine\Systems\Profiler\ProfilerSystem</Filter>
    </ClInclude>
    <ClInclude Include="Include\System\Graphics\Framebuffer.h">
      <Filter>Game Engine\Systems\Graphic\Framebuffer</Filter>
    </ClInclude>
    <ClInclude Include="Include\System\Graphics\GraphicsDefs.h">
      <Filter>Game Engine\Systems\Graphic</Filter>
    </ClInclude>
    <ClInclude Include="Include\System\SystemMessage.h">
      <Filter>Game Engine\Systems</Filter>
    </ClInclude>
    <ClInclude Include="Include\System\Input\MouseData.h">
      <Filter>Game Engine\Systems\Input</Filter>
    </ClInclude>
    <ClInclude Include="Include\Editor\EditorMetaHelpers.h">
      <Filter>Editor\AuxMetaHelpers</Filter>
    </ClInclude>
    <ClInclude Include="Include\Editor\DefaultFactory.h">
      <Filter>Editor\Factory</Filter>
    </ClInclude>
    <ClInclude Include="Include\Editor\Clipboard.h">
      <Filter>Editor\Clipboard</Filter>
    </ClInclude>
    <ClInclude Include="Include\System\Logger\LogPriority.h">
      <Filter>Game Engine\SubSystems\Logger</Filter>
    </ClInclude>
    <ClInclude Include="resource.h">
      <Filter>Resource</Filter>
    </ClInclude>
    <ClInclude Include="Include\System\Graphics\TextureSystem.h">
      <Filter>Game Engine\SubSystems\Texture</Filter>
    </ClInclude>
    <ClInclude Include="Include\System\Graphics\ShaderSystem.h">
      <Filter>Game Engine\SubSystems\Shader</Filter>
    </ClInclude>
    <ClInclude Include="Include\Component\Particle.h">
      <Filter>Game Engine\Components\Physics</Filter>
    </ClInclude>
    <ClInclude Include="Include\Component\Primitive.h">
      <Filter>Game Engine\Components\Physics</Filter>
    </ClInclude>
    <ClInclude Include="Include\System\Physics\CollisionResolution.h">
      <Filter>Game Engine\Systems\Physics</Filter>
    </ClInclude>
    <ClInclude Include="Include\System\Graphics\Shader.h">
      <Filter>Game Engine\SubSystems\Shader\Shader</Filter>
    </ClInclude>
    <ClInclude Include="Include\Math\MathFwd.h">
      <Filter>Math</Filter>
    </ClInclude>
    <ClInclude Include="Include\Component\Primitive.h">
      <Filter>Game Engine\Components\Physics</Filter>
    </ClInclude>
    <ClInclude Include="Include\System\Physics\CollisionResolution.h">
      <Filter>Game Engine\Systems\Physics</Filter>
    </ClInclude>
    <ClInclude Include="Include\System\Behaviour\BehaviourSystem.h">
      <Filter>Game Engine\Systems\Behaviour</Filter>
    </ClInclude>
    <ClInclude Include="Include\Component\BehaviourList.h">
      <Filter>Game Engine\Components</Filter>
    </ClInclude>
    <ClInclude Include="Include\Editor\HotLoader.h">
      <Filter>Editor\Hotloader</Filter>
    </ClInclude>
    <ClInclude Include="Include\System\File\FileSystem.h">
      <Filter>Game Engine\SubSystems\File</Filter>
    </ClInclude>
    <ClInclude Include="Include\System\Behaviour\BehaviourSystem.h">
      <Filter>Game Engine\Systems\Behaviour</Filter>
    </ClInclude>
    <ClInclude Include="Include\Component\BehaviourList.h">
      <Filter>Game Engine\Components</Filter>
    </ClInclude>
    <ClInclude Include="Include\Editor\HotLoader.h">
      <Filter>Editor\Hotloader</Filter>
    </ClInclude>
    <ClInclude Include="Include\System\Scene\SceneSysMetaHelper.h">
      <Filter>Game Engine\Systems\Scene</Filter>
    </ClInclude>
    <ClInclude Include="Include\Editor\Gizmo.h">
      <Filter>Editor\Gizmo</Filter>
    </ClInclude>
    <ClInclude Include="Include\Editor\ColorScheme.h">
      <Filter>Editor\Editor Tabs\SchemeColor</Filter>
    </ClInclude>
    <ClInclude Include="Include\Editor\StyleScheme.h">
      <Filter>Editor\Editor Tabs\SchemeStyle</Filter>
    </ClInclude>
    <ClInclude Include="Include\Component\CharacterController.h">
      <Filter>Game Engine\Components\Physics\Character Controller</Filter>
    </ClInclude>
    <ClInclude Include="Include\Utility\GUID.h">
      <Filter>Utility\GUID</Filter>
    </ClInclude>
    <ClInclude Include="Include\Component\Convex.h">
      <Filter>Game Engine\Components\Colliders</Filter>
    </ClInclude>
    <ClInclude Include="Include\Component\AABB.h">
      <Filter>Game Engine\Components\Colliders</Filter>
    </ClInclude>
    <ClInclude Include="Include\Component\Triangle.h">
      <Filter>Game Engine\Components\Colliders</Filter>
    </ClInclude>
    <ClInclude Include="Include\Component\Circle.h">
      <Filter>Game Engine\Components\Colliders</Filter>
    </ClInclude>
    <ClInclude Include="Include\Component\ColliderList.h">
      <Filter>Game Engine\Components\Colliders</Filter>
    </ClInclude>
    <ClInclude Include="Include\System\Collision\CollisionEvent.h">
      <Filter>Game Engine\Systems\Collision</Filter>
    </ClInclude>
    <ClInclude Include="Include\Editor\AdminCalls.h">
      <Filter>Editor\Admin</Filter>
    </ClInclude>
    <ClInclude Include="Include\Editor\ProjectSettings.h">
      <Filter>Editor\Editor Tabs\Project Settings</Filter>
    </ClInclude>
    <ClInclude Include="Include\Editor\SpritePreviewer.h">
      <Filter>Editor\Editor Tabs\Sprite Previewer</Filter>
    </ClInclude>
    <ClInclude Include="Include\System\Input\XGamePad.h">
      <Filter>Game Engine\Systems\Input</Filter>
    </ClInclude>
    <ClInclude Include="Include\Math\MetaFloat.h">
      <Filter>Math\MetaMath</Filter>
    </ClInclude>
    <ClInclude Include="Include\Reflection\Reflection.h">
      <Filter>Reflection</Filter>
    </ClInclude>
    <ClInclude Include="Include\Reflection\PPVariadicSize.h">
      <Filter>Reflection\Preprocessor</Filter>
    </ClInclude>
    <ClInclude Include="Include\Reflection\PPToSequence.h">
      <Filter>Reflection\Preprocessor</Filter>
    </ClInclude>
    <ClInclude Include="Include\Reflection\PPPopFront.h">
      <Filter>Reflection\Preprocessor</Filter>
    </ClInclude>
    <ClInclude Include="Include\Reflection\PPRemove.h">
      <Filter>Reflection\Preprocessor</Filter>
    </ClInclude>
    <ClInclude Include="Include\Reflection\PPConcat.h">
      <Filter>Reflection\Preprocessor</Filter>
    </ClInclude>
    <ClInclude Include="Include\Reflection\PPExtract.h">
      <Filter>Reflection\Preprocessor</Filter>
    </ClInclude>
    <ClInclude Include="Include\Reflection\MetaData.h">
      <Filter>Reflection\Metadata</Filter>
    </ClInclude>
    <ClInclude Include="Include\Reflection\PPForEach.h">
      <Filter>Reflection\Preprocessor</Filter>
    </ClInclude>
    <ClInclude Include="Include\Reflection\PPUtils.h">
      <Filter>Reflection\Preprocessor</Filter>
    </ClInclude>
    <ClInclude Include="Include\Reflection\PPStringify.h">
      <Filter>Reflection\Preprocessor</Filter>
    </ClInclude>
    <ClInclude Include="Include\Reflection\ReflectedData.h">
      <Filter>Reflection\Metadata</Filter>
    </ClInclude>
    <ClInclude Include="Include\Allocator\DefaultAllocImpl.h">
      <Filter>Allocator\DefaultAllocator</Filter>
    </ClInclude>
    <ClInclude Include="Include\Allocator\DefaultAlloc.h">
      <Filter>Allocator\DefaultAllocator</Filter>
    </ClInclude>
    <ClInclude Include="Include\Allocator\ProxyAlloc.h">
      <Filter>Allocator\ProxyAllocator</Filter>
    </ClInclude>
    <ClInclude Include="Include\Editor\SystemSettings.h">
      <Filter>Editor\Editor Tabs\SystemSettings</Filter>
    </ClInclude>
    <ClInclude Include="Include\Allocator\Allocator.h">
      <Filter>Allocator\Allocator</Filter>
    </ClInclude>
    <ClInclude Include="Include\System\Logger\LoggerSystem.h">
      <Filter>Game Engine\SubSystems\Logger\LoggerSystem</Filter>
    </ClInclude>
    <ClInclude Include="Include\System\Logger\FileLogger.h">
      <Filter>Game Engine\SubSystems\Logger\FileLogger</Filter>
    </ClInclude>
    <ClInclude Include="Include\System\Collision\BroadPhaseCircle.h">
      <Filter>Game Engine\Systems\Collision</Filter>
    </ClInclude>
    <ClInclude Include="Include\System\Collision\BoundingColliderNode.h">
      <Filter>Game Engine\Systems\Collision</Filter>
    </ClInclude>
    <ClInclude Include="Include\System\Events\Events.h">
      <Filter>Game Engine\Systems\Event</Filter>
    </ClInclude>
    <ClInclude Include="Include\Editor\DragStatus.h">
      <Filter>Editor\UI</Filter>
    </ClInclude>
    <ClInclude Include="Include\Component\AudioSource.h">
      <Filter>Game Engine\Components\Audio</Filter>
    </ClInclude>
    <ClInclude Include="Include\System\Sound\Audio.h">
      <Filter>Game Engine\SubSystems\Audio</Filter>
    </ClInclude>
    <ClInclude Include="Include\DataStructure\HashString.h">
      <Filter>DataStructures</Filter>
    </ClInclude>
  </ItemGroup>
  <ItemGroup>
    <Filter Include="DataStructures">
      <UniqueIdentifier>{eb63fdcc-07e5-4f1c-912e-e3a07186afd0}</UniqueIdentifier>
    </Filter>
    <Filter Include="Game Engine">
      <UniqueIdentifier>{f243e0ef-6cc1-4bd0-a916-11ea00e5fd0c}</UniqueIdentifier>
    </Filter>
    <Filter Include="Utility">
      <UniqueIdentifier>{0d090c43-8f9a-4eaf-aede-5deaa35adb5f}</UniqueIdentifier>
    </Filter>
    <Filter Include="Game Engine\Objects">
      <UniqueIdentifier>{4da8a124-b030-4c13-b6be-3b188124e78e}</UniqueIdentifier>
    </Filter>
    <Filter Include="Game Engine\Objects\GameObject">
      <UniqueIdentifier>{d7e4d44d-e259-4ec1-9554-6728a951e48a}</UniqueIdentifier>
    </Filter>
    <Filter Include="Game Engine\Components">
      <UniqueIdentifier>{1659bbd7-e88f-4e66-9cdf-1901764f819e}</UniqueIdentifier>
    </Filter>
    <Filter Include="Game Engine\Components\Base">
      <UniqueIdentifier>{a35616a5-19e4-4bc2-af5e-0c02f80da478}</UniqueIdentifier>
    </Filter>
    <Filter Include="Game Engine\Behaviours">
      <UniqueIdentifier>{020eed9a-8a0c-4899-8590-e0afb31a86e5}</UniqueIdentifier>
    </Filter>
    <Filter Include="Game Engine\Behaviours\Base">
      <UniqueIdentifier>{c97d3aa3-5b7c-4177-af2b-fad4401f67bb}</UniqueIdentifier>
    </Filter>
    <Filter Include="Game Engine\Systems">
      <UniqueIdentifier>{03cf0727-64b4-49b1-afd3-ee95f7daaca9}</UniqueIdentifier>
    </Filter>
    <Filter Include="Game Engine\Systems\Input">
      <UniqueIdentifier>{8606c7ee-7dd1-48c8-a0e6-4d80d6c19acb}</UniqueIdentifier>
    </Filter>
    <Filter Include="Math">
      <UniqueIdentifier>{3f5956ae-fff1-4be6-b55e-b5f48dd32dfd}</UniqueIdentifier>
    </Filter>
    <Filter Include="Math\Internals">
      <UniqueIdentifier>{31fc573b-916a-4ed2-930c-b75f38bbf559}</UniqueIdentifier>
    </Filter>
    <Filter Include="Math\Vector">
      <UniqueIdentifier>{f7f6e1bf-c16f-484d-ad3b-9555586dc6b1}</UniqueIdentifier>
    </Filter>
    <Filter Include="Math\Matrix">
      <UniqueIdentifier>{d0c3d4bd-d7db-4908-95c0-5a34bc63713b}</UniqueIdentifier>
    </Filter>
    <Filter Include="Utility\Internals">
      <UniqueIdentifier>{653235b1-829a-4e08-abcf-1a0c2e6e858a}</UniqueIdentifier>
    </Filter>
    <Filter Include="Game Engine\Systems\Sound">
      <UniqueIdentifier>{56b31b90-65f1-4456-a03d-9da6a141f04d}</UniqueIdentifier>
    </Filter>
    <Filter Include="Game Engine\Systems\Base">
      <UniqueIdentifier>{3b8d4ceb-73e7-474d-a35d-b7cae9c20a5e}</UniqueIdentifier>
    </Filter>
    <Filter Include="Game Engine\Systems\Time">
      <UniqueIdentifier>{5548d900-d240-4d59-8806-d0b1e376ee69}</UniqueIdentifier>
    </Filter>
    <Filter Include="Game Engine\Systems\Time\Timer">
      <UniqueIdentifier>{09721bb6-c897-456a-90f6-eed9ca30d69f}</UniqueIdentifier>
    </Filter>
    <Filter Include="Game Engine\Systems\Time\TimeSystem">
      <UniqueIdentifier>{74754573-e75f-41bb-9e3b-8faf2a596b7e}</UniqueIdentifier>
    </Filter>
    <Filter Include="Game Engine\Components\Transform">
      <UniqueIdentifier>{db6c0e8c-91cc-4674-8b6b-342e89564a00}</UniqueIdentifier>
    </Filter>
    <Filter Include="Game Engine\Systems\Window">
      <UniqueIdentifier>{d13ca3f9-4e92-41f2-904b-7cfbb87498c3}</UniqueIdentifier>
    </Filter>
    <Filter Include="Game Engine\Systems\Window\Window">
      <UniqueIdentifier>{13649ec8-2e18-4072-93db-40516bc19e4d}</UniqueIdentifier>
    </Filter>
    <Filter Include="Game Engine\Systems\Window\WindowMgr">
      <UniqueIdentifier>{0217ae1a-712b-42b4-b663-961b9a4f341d}</UniqueIdentifier>
    </Filter>
    <Filter Include="Game Engine\Systems\Graphic">
      <UniqueIdentifier>{d5f3a7f3-18d8-4339-adac-24b2e434121d}</UniqueIdentifier>
    </Filter>
    <Filter Include="Math\Quaternion">
      <UniqueIdentifier>{62cc8dbf-53df-4943-8e52-4fe9a1962670}</UniqueIdentifier>
    </Filter>
    <Filter Include="Editor">
      <UniqueIdentifier>{9b48d693-6c4c-41cf-8adf-840c40362547}</UniqueIdentifier>
    </Filter>
    <Filter Include="Editor\Editor">
      <UniqueIdentifier>{b67f1b8d-6bf4-43af-b410-6dbe80c16d23}</UniqueIdentifier>
    </Filter>
    <Filter Include="IO">
      <UniqueIdentifier>{71af5d2c-d76f-466e-86b2-86752b7aff0c}</UniqueIdentifier>
    </Filter>
    <Filter Include="IO\TextSerialiser">
      <UniqueIdentifier>{500db7cd-deed-4efd-b173-f377dfb115d3}</UniqueIdentifier>
    </Filter>
    <Filter Include="IO\BinarySerialiser">
      <UniqueIdentifier>{d6c8bc2a-a1b7-4fde-9efc-c753457d7130}</UniqueIdentifier>
    </Filter>
    <Filter Include="IO\ImageParser">
      <UniqueIdentifier>{8fc9bc42-e537-436b-9608-0fb8466bebc6}</UniqueIdentifier>
    </Filter>
    <Filter Include="Game Engine\Components\Camera">
      <UniqueIdentifier>{a431a473-6a2d-4d39-8e59-fa4404bc38b4}</UniqueIdentifier>
    </Filter>
    <Filter Include="Math\Matrix\Matrix4">
      <UniqueIdentifier>{e940c69c-1f12-4de9-8d64-d7782d10122b}</UniqueIdentifier>
    </Filter>
    <Filter Include="Math\Matrix\Matrix2">
      <UniqueIdentifier>{83acf256-2e61-44e4-83bf-a3932a6fabc0}</UniqueIdentifier>
    </Filter>
    <Filter Include="Game Engine\Systems\Driver">
      <UniqueIdentifier>{5218dddd-4e8e-4b28-9f3d-f179f71e8edc}</UniqueIdentifier>
    </Filter>
    <Filter Include="Utility\Meta">
      <UniqueIdentifier>{6a9f286f-47a9-4b59-9ff5-dda9a16e59f1}</UniqueIdentifier>
    </Filter>
    <Filter Include="Game Engine\Systems\Scene">
      <UniqueIdentifier>{ddb89e65-93e8-4262-89d0-be65eefb7603}</UniqueIdentifier>
    </Filter>
    <Filter Include="Game Engine\Systems\Scene\SceneSystem">
      <UniqueIdentifier>{5320a59f-d009-4e91-9157-c1635f9a123b}</UniqueIdentifier>
    </Filter>
    <Filter Include="Game Engine\Systems\Scene\Scene">
      <UniqueIdentifier>{f3eae6d5-d8fd-463f-9178-71e46cda18c6}</UniqueIdentifier>
    </Filter>
    <Filter Include="DataStructures\Arrays">
      <UniqueIdentifier>{e471095b-299b-49a3-ae39-89a0de8825c4}</UniqueIdentifier>
    </Filter>
    <Filter Include="DataStructures\Pointers">
      <UniqueIdentifier>{18df8a70-9eb3-4517-bc4c-eab131c7ea0f}</UniqueIdentifier>
    </Filter>
    <Filter Include="Allocator">
      <UniqueIdentifier>{cb8bd5e1-4ded-433d-b8cb-f70eceff126d}</UniqueIdentifier>
    </Filter>
    <Filter Include="Game Engine\SubSystems">
      <UniqueIdentifier>{d8fe077b-10ae-424b-8fe4-0d7e981a07a1}</UniqueIdentifier>
    </Filter>
    <Filter Include="Game Engine\SubSystems\Mesh">
      <UniqueIdentifier>{52eb0a18-1d2a-4df4-a7ff-be29e199b7b7}</UniqueIdentifier>
    </Filter>
    <Filter Include="Game Engine\SubSystems\Mesh\Mesh">
      <UniqueIdentifier>{5301a2cd-6232-4bb5-ba8e-c8bbce651e7f}</UniqueIdentifier>
    </Filter>
    <Filter Include="Game Engine\SubSystems\Mesh\Raw">
      <UniqueIdentifier>{466ff2cb-a158-4c05-a63f-87c44bb584ce}</UniqueIdentifier>
    </Filter>
    <Filter Include="Editor\Docking">
      <UniqueIdentifier>{06af060e-209f-4067-a5e6-2f4b596f578b}</UniqueIdentifier>
    </Filter>
    <Filter Include="Editor\Commands">
      <UniqueIdentifier>{573a6f53-0ee9-4c6b-bda7-2e8af2e8b43c}</UniqueIdentifier>
    </Filter>
    <Filter Include="Editor\UI">
      <UniqueIdentifier>{f31040be-52b0-48eb-96d0-207560e3376d}</UniqueIdentifier>
    </Filter>
    <Filter Include="Editor\Payload">
      <UniqueIdentifier>{618f59c4-4557-4253-8ca9-16e74a8be22a}</UniqueIdentifier>
    </Filter>
    <Filter Include="Editor\Script Formatter">
      <UniqueIdentifier>{100cb6f9-3343-4db5-bdf7-5fb56c61c436}</UniqueIdentifier>
    </Filter>
    <Filter Include="Game Engine\Systems\Event">
      <UniqueIdentifier>{d23ded5b-d4bb-4fd0-beda-88279300b1d3}</UniqueIdentifier>
    </Filter>
    <Filter Include="Game Engine\Components\Colliders">
      <UniqueIdentifier>{9029def7-8e95-4722-9309-2656146f5799}</UniqueIdentifier>
    </Filter>
    <Filter Include="Game Engine\Components\Physics">
      <UniqueIdentifier>{39a443aa-5f4c-4154-9a2f-4e9d13c00472}</UniqueIdentifier>
    </Filter>
    <Filter Include="Game Engine\Systems\Collision">
      <UniqueIdentifier>{b1cbecf8-eac1-4a71-add2-85941053a148}</UniqueIdentifier>
    </Filter>
    <Filter Include="Game Engine\Systems\Physics">
      <UniqueIdentifier>{e12aa00d-ccc8-4554-a50e-3b29041273b6}</UniqueIdentifier>
    </Filter>
    <Filter Include="Game Engine\Components\Renderer">
      <UniqueIdentifier>{91edfe0d-9cd2-43b8-a18f-715da13dcbf7}</UniqueIdentifier>
    </Filter>
    <Filter Include="Game Engine\Systems\Time\ScopedTimer">
      <UniqueIdentifier>{bd8e2eea-6f09-4a0f-901b-c420c874d331}</UniqueIdentifier>
    </Filter>
    <Filter Include="Utility\GUID">
      <UniqueIdentifier>{e32cb155-6561-4a7a-9a47-96058953c24c}</UniqueIdentifier>
    </Filter>
    <Filter Include="Editor\Editor Tabs">
      <UniqueIdentifier>{c13e922e-c5d1-472d-af5f-95bb50e4100a}</UniqueIdentifier>
    </Filter>
    <Filter Include="Editor\Editor Tabs\Inspector">
      <UniqueIdentifier>{35530ff6-5930-4a89-b8db-49dcc15bfdda}</UniqueIdentifier>
    </Filter>
    <Filter Include="Editor\Editor Tabs\Performance">
      <UniqueIdentifier>{c047ceb5-275e-45b0-90de-511a03bb9780}</UniqueIdentifier>
    </Filter>
    <Filter Include="Editor\Editor Tabs\Project Resource">
      <UniqueIdentifier>{c5ac7258-cd5b-41a2-aa35-e58dbae20806}</UniqueIdentifier>
    </Filter>
    <Filter Include="Editor\Editor Tabs\Scene View">
      <UniqueIdentifier>{71a85056-a560-4672-bf11-af0a4c971ad1}</UniqueIdentifier>
    </Filter>
    <Filter Include="Editor\Editor Tabs\Hierarchy View">
      <UniqueIdentifier>{a885b5ac-c2be-42de-9871-dadd13992aac}</UniqueIdentifier>
    </Filter>
    <Filter Include="Editor\Editor Tabs\Console">
      <UniqueIdentifier>{24e718b4-19d5-461a-b934-7fa561a0580b}</UniqueIdentifier>
    </Filter>
    <Filter Include="Editor\UI\IMGUI">
      <UniqueIdentifier>{adfd2fea-e1aa-4980-9366-739bf3f0446f}</UniqueIdentifier>
    </Filter>
    <Filter Include="Game Engine\Systems\Profiler">
      <UniqueIdentifier>{c8dea79e-90fb-4f6f-ab66-dec8db735338}</UniqueIdentifier>
    </Filter>
    <Filter Include="Game Engine\Systems\Profiler\ProfilerAction">
      <UniqueIdentifier>{01e1ddfc-ec41-4f83-b121-0c29d96526ba}</UniqueIdentifier>
    </Filter>
    <Filter Include="Math\Utility">
      <UniqueIdentifier>{73e90723-3cda-42dc-8275-7c510b3d0dc7}</UniqueIdentifier>
    </Filter>
    <Filter Include="Game Engine\Systems\Profiler\ProfileInfo">
      <UniqueIdentifier>{786f882b-e4f0-4e3c-b000-a421b1059b0b}</UniqueIdentifier>
    </Filter>
    <Filter Include="IO\TextSerialiser\lodepng">
      <UniqueIdentifier>{447b179b-b152-4f92-9cc2-48eb8f301131}</UniqueIdentifier>
    </Filter>
    <Filter Include="Game Engine\Systems\Camera">
      <UniqueIdentifier>{c6d69b09-93e3-434e-a4bc-e25fb0c06c6d}</UniqueIdentifier>
    </Filter>
    <Filter Include="Game Engine\Systems\Profiler\ProfilerSystem">
      <UniqueIdentifier>{675debca-1599-4fda-9025-60f32632f189}</UniqueIdentifier>
    </Filter>
    <Filter Include="Game Engine\SubSystems\Logger">
      <UniqueIdentifier>{7c6d8c15-bbec-4123-aaf7-2edb432d219b}</UniqueIdentifier>
    </Filter>
    <Filter Include="Editor\AuxMetaHelpers">
      <UniqueIdentifier>{c891734a-f64c-422c-9326-4d11d5d8b6f2}</UniqueIdentifier>
    </Filter>
    <Filter Include="Editor\Factory">
      <UniqueIdentifier>{3c1970b5-39ed-4b21-846a-39fb24566cc5}</UniqueIdentifier>
    </Filter>
    <Filter Include="Editor\Clipboard">
      <UniqueIdentifier>{cf5b3310-da32-4143-84b9-30e7d09b1840}</UniqueIdentifier>
    </Filter>
    <Filter Include="Game Engine\Systems\Graphic\Framebuffer">
      <UniqueIdentifier>{65da04fa-f08d-4a05-8517-ee74099485c3}</UniqueIdentifier>
    </Filter>
    <Filter Include="Resource">
      <UniqueIdentifier>{eef3a09b-6a1f-40e7-8621-b7c7429287cb}</UniqueIdentifier>
    </Filter>
    <Filter Include="Game Engine\SubSystems\Shader">
      <UniqueIdentifier>{d826b974-494a-4e22-b5fa-de3f52202e3a}</UniqueIdentifier>
    </Filter>
    <Filter Include="Game Engine\SubSystems\Texture">
      <UniqueIdentifier>{0360ec6f-e4ea-430d-9619-f3c845e07bce}</UniqueIdentifier>
    </Filter>
    <Filter Include="Game Engine\SubSystems\File">
      <UniqueIdentifier>{845f6b31-e949-414f-88d7-9fec6ab7613f}</UniqueIdentifier>
    </Filter>
    <Filter Include="Game Engine\Systems\Behaviour">
      <UniqueIdentifier>{2fd1f4b4-2bdd-4662-b693-dc7eb48bc137}</UniqueIdentifier>
    </Filter>
    <Filter Include="Editor\Hotloader">
      <UniqueIdentifier>{83587c6d-76b1-44d6-8760-588fd1e7509b}</UniqueIdentifier>
    </Filter>
    <Filter Include="Editor\Gizmo">
      <UniqueIdentifier>{c678684a-2024-498c-b278-53911ea1ab17}</UniqueIdentifier>
    </Filter>
    <Filter Include="Editor\Editor Tabs\SchemeColor">
      <UniqueIdentifier>{505d9276-8eac-401b-a286-9d084f3f8461}</UniqueIdentifier>
    </Filter>
    <Filter Include="Editor\Editor Tabs\SchemeStyle">
      <UniqueIdentifier>{e2a99798-5b6a-4bf2-a471-a415c2452e05}</UniqueIdentifier>
    </Filter>
    <Filter Include="Game Engine\Components\Physics\Character Controller">
      <UniqueIdentifier>{dc0c52cd-8f25-4932-a9fd-7d1916f1378d}</UniqueIdentifier>
    </Filter>
    <Filter Include="Editor\Admin">
      <UniqueIdentifier>{7051bdf2-210a-46b3-92f9-3074c29460c6}</UniqueIdentifier>
    </Filter>
    <Filter Include="Editor\Editor Tabs\Project Settings">
      <UniqueIdentifier>{608c0546-3238-4c9f-965b-30f57bb031b2}</UniqueIdentifier>
    </Filter>
    <Filter Include="Editor\Editor Tabs\Sprite Previewer">
      <UniqueIdentifier>{9f6b67e6-2bcd-47b4-9345-903be7a1f3cb}</UniqueIdentifier>
    </Filter>
    <Filter Include="Math\MetaMath">
      <UniqueIdentifier>{08413c81-cbde-4575-842c-fc63e39a282d}</UniqueIdentifier>
    </Filter>
    <Filter Include="Reflection">
      <UniqueIdentifier>{c13d8e9d-1ea4-40c5-b67f-f2713024e57a}</UniqueIdentifier>
    </Filter>
    <Filter Include="Reflection\Preprocessor">
      <UniqueIdentifier>{af73041d-894d-4be1-9ac1-a597e6a69bf5}</UniqueIdentifier>
    </Filter>
    <Filter Include="Reflection\Metadata">
      <UniqueIdentifier>{7b27b49c-13db-4784-8317-6eb1859a099c}</UniqueIdentifier>
    </Filter>
    <Filter Include="Allocator\DefaultAllocator">
      <UniqueIdentifier>{c72b2281-3bc2-4610-b2e5-183e13bc5bbf}</UniqueIdentifier>
    </Filter>
    <Filter Include="Allocator\ProxyAllocator">
      <UniqueIdentifier>{4ffb5d1f-2ca0-4a43-917c-a699ba07a0da}</UniqueIdentifier>
    </Filter>
    <Filter Include="Editor\Editor Tabs\SystemSettings">
      <UniqueIdentifier>{f494a940-4551-4291-aa92-cff931764600}</UniqueIdentifier>
    </Filter>
    <Filter Include="Allocator\Allocator">
      <UniqueIdentifier>{9baa3d75-f8aa-4e1c-8273-18e2128a6cdc}</UniqueIdentifier>
    </Filter>
    <Filter Include="Game Engine\SubSystems\Logger\LoggerSystem">
      <UniqueIdentifier>{ac22d190-b1ed-4bb8-9f14-b988bc8d5c98}</UniqueIdentifier>
    </Filter>
    <Filter Include="Game Engine\SubSystems\Logger\FileLogger">
      <UniqueIdentifier>{7034c117-e848-41c3-8883-3d54e3f596b8}</UniqueIdentifier>
    </Filter>
    <Filter Include="Game Engine\Components\Audio">
      <UniqueIdentifier>{ecb40fbd-9434-45dc-a5a7-1ae1e1cbac7f}</UniqueIdentifier>
    </Filter>
    <Filter Include="Game Engine\SubSystems\Audio">
      <UniqueIdentifier>{af08a7e0-ec45-4ccd-a2b8-08336c4d36da}</UniqueIdentifier>
    </Filter>
  </ItemGroup>
  <ItemGroup>
    <Filter Include="Game Engine\SubSystems\Shader\Shader">
      <UniqueIdentifier>{2dfd4976-5994-4e0c-998d-d87b3f25cb6c}</UniqueIdentifier>
    </Filter>
    <Filter Include="Game Engine\SubSystems\Shader\Shader\Programs">
      <UniqueIdentifier>{25efe6f2-2810-44e2-bb62-561d5426d05d}</UniqueIdentifier>
    </Filter>
    <Filter Include="Game Engine\SubSystems\Texture\Texture">
      <UniqueIdentifier>{3bc26b14-c587-4f68-bc2e-389cf63bf598}</UniqueIdentifier>
    </Filter>
    <Filter Include="Game Engine\SubSystems\Texture\Texture\Texture2D">
      <UniqueIdentifier>{c92ba0ed-6357-4281-a0d3-359d3010b84a}</UniqueIdentifier>
    </Filter>
    <Filter Include="Game Engine\SubSystems\Texture\Texture\Base">
      <UniqueIdentifier>{d711054b-eec8-4405-90e8-2d5d221f7414}</UniqueIdentifier>
    </Filter>
  </ItemGroup>
  <ItemGroup>
    <ResourceCompile Include="DystopiaEngine1.rc">
      <Filter>Resource</Filter>
    </ResourceCompile>
  </ItemGroup>
  <ItemGroup>
    <Image Include="Resource\Editor\icons\dystopia_x86_64.ico">
      <Filter>Resource</Filter>
    </Image>
  </ItemGroup>
</Project>