
Microsoft Visual Studio Solution File, Format Version 12.00
# Visual Studio 14
VisualStudioVersion = 14.0.25420.1
MinimumVisualStudioVersion = 10.0.40219.1
Project("{8BC9CEB8-8B4A-11D0-8D11-00A0C91BC942}") = "DystopiaEngine", "DystopiaEngine\DystopiaEngine.vcxproj", "{3CD686C5-C483-406D-8822-F32F4CCC161A}"
EndProject
Global
	GlobalSection(SolutionConfigurationPlatforms) = preSolution
		Debug|x64 = Debug|x64
		Debug|x86 = Debug|x86
		Game|x64 = Game|x64
		Game|x86 = Game|x86
		Release|x64 = Release|x64
		Release|x86 = Release|x86
	EndGlobalSection
	GlobalSection(ProjectConfigurationPlatforms) = postSolution
		{3CD686C5-C483-406D-8822-F32F4CCC161A}.Debug|x64.ActiveCfg = Release|x64
		{3CD686C5-C483-406D-8822-F32F4CCC161A}.Debug|x64.Build.0 = Release|x64
		{3CD686C5-C483-406D-8822-F32F4CCC161A}.Debug|x86.ActiveCfg = Debug|Win32
		{3CD686C5-C483-406D-8822-F32F4CCC161A}.Debug|x86.Build.0 = Debug|Win32
		{3CD686C5-C483-406D-8822-F32F4CCC161A}.Game|x64.ActiveCfg = Game|x64
		{3CD686C5-C483-406D-8822-F32F4CCC161A}.Game|x64.Build.0 = Game|x64
		{3CD686C5-C483-406D-8822-F32F4CCC161A}.Game|x86.ActiveCfg = Game|Win32
		{3CD686C5-C483-406D-8822-F32F4CCC161A}.Game|x86.Build.0 = Game|Win32
		{3CD686C5-C483-406D-8822-F32F4CCC161A}.Release|x64.ActiveCfg = Release|x64
		{3CD686C5-C483-406D-8822-F32F4CCC161A}.Release|x64.Build.0 = Release|x64
		{3CD686C5-C483-406D-8822-F32F4CCC161A}.Release|x86.ActiveCfg = Release|Win32
		{3CD686C5-C483-406D-8822-F32F4CCC161A}.Release|x86.Build.0 = Release|Win32
	EndGlobalSection
	GlobalSection(SolutionProperties) = preSolution
		HideSolutionNode = FALSE
	EndGlobalSection
EndGlobal
